
Microsoft Visual Studio Solution File, Format Version 12.00
# Visual Studio Version 17
VisualStudioVersion = 17.11.35312.102
MinimumVisualStudioVersion = 10.0.40219.1
Project("{9A19103F-16F7-4668-BE54-9A1E7A4F7556}") = "InstantGaming", "InstantGaming\InstantGaming.csproj", "{DFF5F7D2-2E62-42D9-8D6C-E608174C7092}"
EndProject
Project("{9A19103F-16F7-4668-BE54-9A1E7A4F7556}") = "Steam", "Steam\Steam.csproj", "{D772A33E-9CE5-45D4-B928-66460FA950E5}"
EndProject
Project("{9A19103F-16F7-4668-BE54-9A1E7A4F7556}") = "GOG", "EpicGames\GOG.csproj", "{5AF978F3-E4F3-4A0E-9B48-ABAE66E3954A}"
EndProject
Project("{FAE04EC0-301F-11D3-BF4B-00C04F79EFBC}") = "WebScraping", "WebScraping\WebScraping.csproj", "{443ED7FB-CA44-48EC-B72C-D83500C7DB81}"
EndProject
Global
	GlobalSection(SolutionConfigurationPlatforms) = preSolution
		Debug|Any CPU = Debug|Any CPU
		Release|Any CPU = Release|Any CPU
	EndGlobalSection
	GlobalSection(ProjectConfigurationPlatforms) = postSolution
		{DFF5F7D2-2E62-42D9-8D6C-E608174C7092}.Debug|Any CPU.ActiveCfg = Debug|Any CPU
		{DFF5F7D2-2E62-42D9-8D6C-E608174C7092}.Debug|Any CPU.Build.0 = Debug|Any CPU
		{DFF5F7D2-2E62-42D9-8D6C-E608174C7092}.Release|Any CPU.ActiveCfg = Release|Any CPU
		{DFF5F7D2-2E62-42D9-8D6C-E608174C7092}.Release|Any CPU.Build.0 = Release|Any CPU
		{D772A33E-9CE5-45D4-B928-66460FA950E5}.Debug|Any CPU.ActiveCfg = Debug|Any CPU
		{D772A33E-9CE5-45D4-B928-66460FA950E5}.Debug|Any CPU.Build.0 = Debug|Any CPU
		{D772A33E-9CE5-45D4-B928-66460FA950E5}.Release|Any CPU.ActiveCfg = Release|Any CPU
		{D772A33E-9CE5-45D4-B928-66460FA950E5}.Release|Any CPU.Build.0 = Release|Any CPU
		{5AF978F3-E4F3-4A0E-9B48-ABAE66E3954A}.Debug|Any CPU.ActiveCfg = Debug|Any CPU
		{5AF978F3-E4F3-4A0E-9B48-ABAE66E3954A}.Debug|Any CPU.Build.0 = Debug|Any CPU
		{5AF978F3-E4F3-4A0E-9B48-ABAE66E3954A}.Release|Any CPU.ActiveCfg = Release|Any CPU
		{5AF978F3-E4F3-4A0E-9B48-ABAE66E3954A}.Release|Any CPU.Build.0 = Release|Any CPU
		{443ED7FB-CA44-48EC-B72C-D83500C7DB81}.Debug|Any CPU.ActiveCfg = Debug|Any CPU
		{443ED7FB-CA44-48EC-B72C-D83500C7DB81}.Debug|Any CPU.Build.0 = Debug|Any CPU
		{443ED7FB-CA44-48EC-B72C-D83500C7DB81}.Release|Any CPU.ActiveCfg = Release|Any CPU
		{443ED7FB-CA44-48EC-B72C-D83500C7DB81}.Release|Any CPU.Build.0 = Release|Any CPU
	EndGlobalSection
	GlobalSection(SolutionProperties) = preSolution
		HideSolutionNode = FALSE
	EndGlobalSection
	GlobalSection(ExtensibilityGlobals) = postSolution
		SolutionGuid = {6831B4F6-F37B-423E-BC95-9E7E85F37CDF}
	EndGlobalSection
EndGlobal
